
Microsoft Visual Studio Solution File, Format Version 12.00
# Visual Studio 15
VisualStudioVersion = 15.0.28307.852
MinimumVisualStudioVersion = 10.0.40219.1
Project("{8BC9CEB8-8B4A-11D0-8D11-00A0C91BC942}") = "VulkanTest", "VulkanTest\VulkanTest.vcxproj", "{FAE9D47F-D276-46FD-8CAC-BCE2534847A1}"
EndProject
Global
	GlobalSection(SolutionConfigurationPlatforms) = preSolution
		Debug|x64 = Debug|x64
		Debug|x86 = Debug|x86
		Release|x64 = Release|x64
		Release|x86 = Release|x86
	EndGlobalSection
	GlobalSection(ProjectConfigurationPlatforms) = postSolution
		{FAE9D47F-D276-46FD-8CAC-BCE2534847A1}.Debug|x64.ActiveCfg = Debug|x64
		{FAE9D47F-D276-46FD-8CAC-BCE2534847A1}.Debug|x64.Build.0 = Debug|x64
		{FAE9D47F-D276-46FD-8CAC-BCE2534847A1}.Debug|x86.ActiveCfg = Debug|Win32
		{FAE9D47F-D276-46FD-8CAC-BCE2534847A1}.Debug|x86.Build.0 = Debug|Win32
		{FAE9D47F-D276-46FD-8CAC-BCE2534847A1}.Release|x64.ActiveCfg = Release|x64
		{FAE9D47F-D276-46FD-8CAC-BCE2534847A1}.Release|x64.Build.0 = Release|x64
		{FAE9D47F-D276-46FD-8CAC-BCE2534847A1}.Release|x86.ActiveCfg = Release|Win32
		{FAE9D47F-D276-46FD-8CAC-BCE2534847A1}.Release|x86.Build.0 = Release|Win32
	EndGlobalSection
	GlobalSection(SolutionProperties) = preSolution
		HideSolutionNode = FALSE
	EndGlobalSection
	GlobalSection(ExtensibilityGlobals) = postSolution
		SolutionGuid = {447BC2F1-06AF-436F-956D-A1E9D3256003}
	EndGlobalSection
EndGlobal
